
Microsoft Visual Studio Solution File, Format Version 12.00
# Visual Studio Version 17
VisualStudioVersion = 17.14.36401.2
MinimumVisualStudioVersion = 10.0.40219.1
Project("{FAE04EC0-301F-11D3-BF4B-00C04F79EFBC}") = "Reserve", "Reserve.csproj", "{D972E642-AE6A-4456-B4E6-40A000245ADB}"
EndProject
Project("{FAE04EC0-301F-11D3-BF4B-00C04F79EFBC}") = "ReserveTest", "..\ReserveTest\ReserveTest.csproj", "{AB70BAA0-2B9A-42AF-A136-A2C0DA2824C8}"
EndProject
Global
	GlobalSection(SolutionConfigurationPlatforms) = preSolution
		Debug|Any CPU = Debug|Any CPU
		Release|Any CPU = Release|Any CPU
	EndGlobalSection
	GlobalSection(ProjectConfigurationPlatforms) = postSolution
		{D972E642-AE6A-4456-B4E6-40A000245ADB}.Debug|Any CPU.ActiveCfg = Debug|Any CPU
		{D972E642-AE6A-4456-B4E6-40A000245ADB}.Debug|Any CPU.Build.0 = Debug|Any CPU
		{D972E642-AE6A-4456-B4E6-40A000245ADB}.Release|Any CPU.ActiveCfg = Release|Any CPU
		{D972E642-AE6A-4456-B4E6-40A000245ADB}.Release|Any CPU.Build.0 = Release|Any CPU
		{AB70BAA0-2B9A-42AF-A136-A2C0DA2824C8}.Debug|Any CPU.ActiveCfg = Debug|Any CPU
		{AB70BAA0-2B9A-42AF-A136-A2C0DA2824C8}.Debug|Any CPU.Build.0 = Debug|Any CPU
		{AB70BAA0-2B9A-42AF-A136-A2C0DA2824C8}.Release|Any CPU.ActiveCfg = Release|Any CPU
		{AB70BAA0-2B9A-42AF-A136-A2C0DA2824C8}.Release|Any CPU.Build.0 = Release|Any CPU
	EndGlobalSection
	GlobalSection(SolutionProperties) = preSolution
		HideSolutionNode = FALSE
	EndGlobalSection
	GlobalSection(ExtensibilityGlobals) = postSolution
		SolutionGuid = {0E5D1CD8-4F13-4020-8F9E-47B997CE798F}
	EndGlobalSection
EndGlobal
